
Microsoft Visual Studio Solution File, Format Version 12.00
# Visual Studio Version 17
VisualStudioVersion = 17.12.35707.178
MinimumVisualStudioVersion = 10.0.40219.1
Project("{2150E333-8FDC-42A3-9474-1A3956D46DE8}") = "src", "src", "{2413D0FC-73F4-4626-86CE-6478EEC8C167}"
EndProject
Project("{FAE04EC0-301F-11D3-BF4B-00C04F79EFBC}") = "QuizPro.Data", "src\QuizPro.Data\QuizPro.Data.csproj", "{9CD29B9A-8A31-45D0-AB18-65B677467792}"
EndProject
Project("{FAE04EC0-301F-11D3-BF4B-00C04F79EFBC}") = "QuizPro.Domain", "src\QuizPro.Domain\QuizPro.Domain.csproj", "{EB73F4A4-D272-4620-B8C9-80AA021E41D9}"
EndProject
Project("{FAE04EC0-301F-11D3-BF4B-00C04F79EFBC}") = "QuizPro.Service", "src\QuizPro.Service\QuizPro.Service.csproj", "{652D774A-B345-4768-99C8-6AF14541E8C2}"
EndProject
Project("{FAE04EC0-301F-11D3-BF4B-00C04F79EFBC}") = "QuizPro.Api", "src\QuizPro.Api\QuizPro.Api.csproj", "{8C50B918-43B3-410F-B4E8-21120E636660}"
EndProject
Global
	GlobalSection(SolutionConfigurationPlatforms) = preSolution
		Debug|Any CPU = Debug|Any CPU
		Release|Any CPU = Release|Any CPU
	EndGlobalSection
	GlobalSection(ProjectConfigurationPlatforms) = postSolution
		{9CD29B9A-8A31-45D0-AB18-65B677467792}.Debug|Any CPU.ActiveCfg = Debug|Any CPU
		{9CD29B9A-8A31-45D0-AB18-65B677467792}.Debug|Any CPU.Build.0 = Debug|Any CPU
		{9CD29B9A-8A31-45D0-AB18-65B677467792}.Release|Any CPU.ActiveCfg = Release|Any CPU
		{9CD29B9A-8A31-45D0-AB18-65B677467792}.Release|Any CPU.Build.0 = Release|Any CPU
		{EB73F4A4-D272-4620-B8C9-80AA021E41D9}.Debug|Any CPU.ActiveCfg = Debug|Any CPU
		{EB73F4A4-D272-4620-B8C9-80AA021E41D9}.Debug|Any CPU.Build.0 = Debug|Any CPU
		{EB73F4A4-D272-4620-B8C9-80AA021E41D9}.Release|Any CPU.ActiveCfg = Release|Any CPU
		{EB73F4A4-D272-4620-B8C9-80AA021E41D9}.Release|Any CPU.Build.0 = Release|Any CPU
		{652D774A-B345-4768-99C8-6AF14541E8C2}.Debug|Any CPU.ActiveCfg = Debug|Any CPU
		{652D774A-B345-4768-99C8-6AF14541E8C2}.Debug|Any CPU.Build.0 = Debug|Any CPU
		{652D774A-B345-4768-99C8-6AF14541E8C2}.Release|Any CPU.ActiveCfg = Release|Any CPU
		{652D774A-B345-4768-99C8-6AF14541E8C2}.Release|Any CPU.Build.0 = Release|Any CPU
		{8C50B918-43B3-410F-B4E8-21120E636660}.Debug|Any CPU.ActiveCfg = Debug|Any CPU
		{8C50B918-43B3-410F-B4E8-21120E636660}.Debug|Any CPU.Build.0 = Debug|Any CPU
		{8C50B918-43B3-410F-B4E8-21120E636660}.Release|Any CPU.ActiveCfg = Release|Any CPU
		{8C50B918-43B3-410F-B4E8-21120E636660}.Release|Any CPU.Build.0 = Release|Any CPU
	EndGlobalSection
	GlobalSection(SolutionProperties) = preSolution
		HideSolutionNode = FALSE
	EndGlobalSection
	GlobalSection(NestedProjects) = preSolution
		{9CD29B9A-8A31-45D0-AB18-65B677467792} = {2413D0FC-73F4-4626-86CE-6478EEC8C167}
		{EB73F4A4-D272-4620-B8C9-80AA021E41D9} = {2413D0FC-73F4-4626-86CE-6478EEC8C167}
		{652D774A-B345-4768-99C8-6AF14541E8C2} = {2413D0FC-73F4-4626-86CE-6478EEC8C167}
		{8C50B918-43B3-410F-B4E8-21120E636660} = {2413D0FC-73F4-4626-86CE-6478EEC8C167}
	EndGlobalSection
EndGlobal
